lockfileVersion: '9.0'

settings:
  autoInstallPeers: true
  excludeLinksFromLockfile: false

importers:

  .:
    devDependencies:
      '@types/bun':
        specifier: ^1.3.0
        version: 1.4.0
      '@yanlinglabs/winter-agent-sdk':
        specifier: workspace:*
        version: link:packages/sdk
      typescript:
        specifier: ^5.6.0
        version: 5.9.3
      winter-conformance:
        specifier: workspace:*
        version: link:packages/conformance

  packages/conformance: {}

  packages/platform/darwin-arm64: {}

  packages/runtime: {}

  packages/sdk:
    dependencies:
      winter-agent-runtime:
        specifier: workspace:*
        version: link:../runtime
    optionalDependencies:
      '@yanlinglabs/winter-agent-sdk-darwin-arm64':
        specifier: workspace:*
        version: link:../platform/darwin-arm64

packages:

  '@types/bun@1.4.0':
    resolution: {integrity: sha512-K+lZULY23vRgK/CfTjFIV+tyifaNdSMlPh9j+6mQ/cLfpOznLyAuzgV/JQysyECpkBQLVMSyvjlr2fBUSA9wFQ==}

  '@types/node@26.4.0':
    resolution: {integrity: sha512-faiGnoIrLH/V8cibOMEAZ8pMw6oXqSukl29ra4mN8GdaB2ZewzeaLj+INpV5N+Z1eKWzY+IzaIZH2EIR6YZRNQ==}

  bun-types@1.4.0:
    resolution: {integrity: sha512-iIKw23BspnQQYd3prITOBxeUsxBHnwzX6YJfGMuNOZzeNcMmVqzIIVGRm1l69ogaPQmb4wB6BN8mA5bE9YuC5Q==}

  typescript@5.9.3:
    resolution: {integrity: sha512-jl1vZzPDinLr9eUt3J/t7V6FgNEw9QjvBPdysz9KfQDD41fQrC2Y4vKQdiaUpFT4bXlb1RHhLpp8wtm6M5TgSw==}
    engines: {node: '>=14.17'}
    hasBin: true

  undici-types@8.3.0:
    resolution: {integrity: sha512-j375ScV60dom+YkPFIfTLcOiPxkN/buHz5GobjLhixFuANaNs3C9l4GmrWqejgXWJ7BbJcFYpTEUkS1Ge8bpZQ==}

snapshots:

  '@types/bun@1.4.0':
    dependencies:
      bun-types: 1.4.0

  '@types/node@26.4.0':
    dependencies:
      undici-types: 8.3.0

  bun-types@1.4.0:
    dependencies:
      '@types/node': 26.4.0

  typescript@5.9.3: {}

  undici-types@8.3.0: {}
