lockfileVersion: '9.0'

settings:
  autoInstallPeers: true
  excludeLinksFromLockfile: false

importers:

  .:
    devDependencies:
      '@types/bun':
        specifier: ^1.3.0
        version: 1.4.0
      '@yanlinglabs/winter-agent-sdk':
        specifier: workspace:*
        version: link:packages/sdk
      '@yanlinglabs/winter-conformance':
        specifier: workspace:*
        version: link:packages/conformance
      '@yanlinglabs/winter-provider-catalog':
        specifier: workspace:*
        version: link:packages/provider-catalog
      '@yanlinglabs/winter-provider-conformance':
        specifier: workspace:*
        version: link:packages/provider-conformance
      '@yanlinglabs/winter-provider-runtime':
        specifier: workspace:*
        version: link:packages/provider-runtime
      typescript:
        specifier: ^5.6.0
        version: 5.9.3
      winter-agent-runtime:
        specifier: workspace:*
        version: link:packages/runtime

  packages/conformance: {}

  packages/platform/darwin-arm64: {}

  packages/provider-catalog: {}

  packages/provider-conformance:
    dependencies:
      '@yanlinglabs/winter-provider-catalog':
        specifier: workspace:*
        version: link:../provider-catalog
      '@yanlinglabs/winter-provider-runtime':
        specifier: workspace:*
        version: link:../provider-runtime

  packages/provider-runtime:
    dependencies:
      '@yanlinglabs/winter-agent-sdk':
        specifier: workspace:*
        version: link:../sdk
      '@yanlinglabs/winter-provider-catalog':
        specifier: workspace:*
        version: link:../provider-catalog

  packages/runtime:
    dependencies:
      '@modelcontextprotocol/client':
        specifier: ^2.1.0
        version: 2.1.0
      '@yanlinglabs/winter-agent-sdk':
        specifier: workspace:*
        version: link:../sdk
      '@yanlinglabs/winter-provider-catalog':
        specifier: workspace:*
        version: link:../provider-catalog
      '@yanlinglabs/winter-provider-runtime':
        specifier: workspace:*
        version: link:../provider-runtime
      ajv:
        specifier: ^8.20.0
        version: 8.20.0
      ignore:
        specifier: 7.0.5
        version: 7.0.5
    devDependencies:
      '@modelcontextprotocol/server':
        specifier: ^2.1.0
        version: 2.1.0

  packages/sdk:
    dependencies:
      '@yanlinglabs/winter-provider-catalog':
        specifier: workspace:*
        version: link:../provider-catalog
    devDependencies:
      '@types/node':
        specifier: ^26.4.0
        version: 26.4.0
      '@yanlinglabs/winter-conformance':
        specifier: workspace:*
        version: link:../conformance
      winter-agent-runtime:
        specifier: workspace:*
        version: link:../runtime
    optionalDependencies:
      '@yanlinglabs/winter-agent-sdk-darwin-arm64':
        specifier: workspace:*
        version: link:../platform/darwin-arm64

packages:

  '@modelcontextprotocol/client@2.1.0':
    resolution: {integrity: sha512-mDVhoy5WjDb0U+4dQPzLcciC2erSex/GRVQqnoZdiuMoE3YiTZdiS7ezNcFwX4XEOWOaj7jZr0kLYnILnL8orA==}
    engines: {node: '>=20'}

  '@modelcontextprotocol/core@2.1.0':
    resolution: {integrity: sha512-YdFj5gMRHr0gYNAhTbQDgjLHiEJdIAUYxomhKseUNye7ZGlISQmUoLh2sveFFCiQ7j2YMffT1kgSND0FSfIFjQ==}
    engines: {node: '>=20'}

  '@modelcontextprotocol/server@2.1.0':
    resolution: {integrity: sha512-FdvwZU5N03O77Suh35JqjAqq5R1ZTEPFtwu6N4BgBq28qrQtrCnpbLL5U2pwYCuE194jAw0xnlOVmIqhfoYuUQ==}
    engines: {node: '>=20'}

  '@types/bun@1.4.0':
    resolution: {integrity: sha512-K+lZULY23vRgK/CfTjFIV+tyifaNdSMlPh9j+6mQ/cLfpOznLyAuzgV/JQysyECpkBQLVMSyvjlr2fBUSA9wFQ==}

  '@types/node@26.4.0':
    resolution: {integrity: sha512-faiGnoIrLH/V8cibOMEAZ8pMw6oXqSukl29ra4mN8GdaB2ZewzeaLj+INpV5N+Z1eKWzY+IzaIZH2EIR6YZRNQ==}

  ajv@8.20.0:
    resolution: {integrity: sha512-Thbli+OlOj+iMPYFBVBfJ3OmCAnaSyNn4M1vz9T6Gka5Jt9ba/HIR56joy65tY6kx/FCF5VXNB819Y7/GUrBGA==}

  bun-types@1.4.0:
    resolution: {integrity: sha512-iIKw23BspnQQYd3prITOBxeUsxBHnwzX6YJfGMuNOZzeNcMmVqzIIVGRm1l69ogaPQmb4wB6BN8mA5bE9YuC5Q==}

  cross-spawn@7.0.6:
    resolution: {integrity: sha512-uV2QOWP2nWzsy2aMp8aRibhi9dlzF5Hgh5SHaB9OiTGEyDTiJJyx0uy51QXdyWbtAHNua4XJzUKca3OzKUd3vA==}
    engines: {node: '>= 8'}

  eventsource-parser@3.1.1:
    resolution: {integrity: sha512-EKN1vKAMcZ8MlYMpaNuxN6R9yakzH6uajHcHVTqWJzvu5pWw9DyhbP35HH8MVBQ+dZjAfDxk+A8NiR9KWaXiyQ==}
    engines: {node: '>=18.0.0'}

  eventsource@3.0.7:
    resolution: {integrity: sha512-CRT1WTyuQoD771GW56XEZFQ/ZoSfWid1alKGDYMmkt2yl8UXrVR4pspqWNEcqKvVIzg6PAltWjxcSSPrboA4iA==}
    engines: {node: '>=18.0.0'}

  fast-deep-equal@3.1.3:
    resolution: {integrity: sha512-f3qQ9oQy9j2AhBe/H9VC91wLmKBCCU/gDOnKNAYG5hswO7BLKj09Hc5HYNz9cGI++xlpDCIgDaitVs03ATR84Q==}

  fast-uri@3.1.7:
    resolution: {integrity: sha512-dOvZVzjdZdz7phd9v6jCbwxrBW3fK6n8Rc0CtdmM4bumzMnxywBYhuph6J819RRw/ku+rLbelwfMunktuzVVHg==}

  ignore@7.0.5:
    resolution: {integrity: sha512-Hs59xBNfUIunMFgWAbGX5cq6893IbWg4KnrjbYwX3tx0ztorVgTDA6B2sxf8ejHJ4wz8BqGUMYlnzNBer5NvGg==}
    engines: {node: '>= 4'}

  isexe@2.0.0:
    resolution: {integrity: sha512-RHxMLp9lnKHGHRng9QFhRCMbYAcVpn69smSGcq3f36xjgVVWThj4qqLbTLlq7Ssj8B+fIQ1EuCEGI2lKsyQeIw==}

  jose@6.2.10:
    resolution: {integrity: sha512-iiW7J9qRFlGxvCOIBDBDxFePQSn7ZMAnrYGhrrOo6siO/MIqwfyilLR27pkfDgUk+raLuzADS8A3S/KLBisc0g==}

  json-schema-traverse@1.0.0:
    resolution: {integrity: sha512-NM8/P9n3XjXhIZn1lLhkFaACTOURQXjWhV4BA/RnOv8xvgqtqpAX9IO4mRQxSx1Rlo4tqzeqb0sOlruaOy3dug==}

  path-key@3.1.1:
    resolution: {integrity: sha512-ojmeN0qd+y0jszEtoY48r0Peq5dwMEkIlCOu6Q5f41lfkswXuKtYrhgoTpLnyIcHm24Uhqx+5Tqm2InSwLhE6Q==}
    engines: {node: '>=8'}

  pkce-challenge@5.0.1:
    resolution: {integrity: sha512-wQ0b/W4Fr01qtpHlqSqspcj3EhBvimsdh0KlHhH8HRZnMsEa0ea2fTULOXOS9ccQr3om+GcGRk4e+isrZWV8qQ==}
    engines: {node: '>=16.20.0'}

  require-from-string@2.0.2:
    resolution: {integrity: sha512-Xf0nWe6RseziFMu+Ap9biiUbmplq6S9/p+7w7YXP/JBHhrUDDUhwa+vANyubuqfZWTveU//DYVGsDG7RKL/vEw==}
    engines: {node: '>=0.10.0'}

  shebang-command@2.0.0:
    resolution: {integrity: sha512-kHxr2zZpYtdmrN1qDjrrX/Z1rR1kG8Dx+gkpK1G4eXmvXswmcE1hTWBWYUzlraYw1/yZp6YuDY77YtvbN0dmDA==}
    engines: {node: '>=8'}

  shebang-regex@3.0.0:
    resolution: {integrity: sha512-7++dFhtcx3353uBaq8DDR4NuxBetBzC7ZQOhmTQInHEd6bSrXdiEyzCvG07Z44UYdLShWUyXt5M/yhz8ekcb1A==}
    engines: {node: '>=8'}

  typescript@5.9.3:
    resolution: {integrity: sha512-jl1vZzPDinLr9eUt3J/t7V6FgNEw9QjvBPdysz9KfQDD41fQrC2Y4vKQdiaUpFT4bXlb1RHhLpp8wtm6M5TgSw==}
    engines: {node: '>=14.17'}
    hasBin: true

  undici-types@8.3.0:
    resolution: {integrity: sha512-j375ScV60dom+YkPFIfTLcOiPxkN/buHz5GobjLhixFuANaNs3C9l4GmrWqejgXWJ7BbJcFYpTEUkS1Ge8bpZQ==}

  which@2.0.2:
    resolution: {integrity: sha512-BLI3Tl1TW3Pvl70l3yq3Y64i+awpwXqsGBYWkkqMtnbXgrMD+yj7rhW0kuEDxzJaYXGjEW5ogapKNMEKNMjibA==}
    engines: {node: '>= 8'}
    hasBin: true

  zod@4.5.4:
    resolution: {integrity: sha512-sC95tT5iHHH9gtpj6A81kh+NEaRAUFN+qlUPDUbRfOMvNf5QCBqsb3WgvnpVtK5Y+4UfA6KqufotuTvMGiTlsA==}

snapshots:

  '@modelcontextprotocol/client@2.1.0':
    dependencies:
      '@modelcontextprotocol/core': 2.1.0
      cross-spawn: 7.0.6
      eventsource: 3.0.7
      eventsource-parser: 3.1.1
      jose: 6.2.10
      pkce-challenge: 5.0.1
      zod: 4.5.4

  '@modelcontextprotocol/core@2.1.0':
    dependencies:
      zod: 4.5.4

  '@modelcontextprotocol/server@2.1.0':
    dependencies:
      '@modelcontextprotocol/core': 2.1.0
      zod: 4.5.4

  '@types/bun@1.4.0':
    dependencies:
      bun-types: 1.4.0

  '@types/node@26.4.0':
    dependencies:
      undici-types: 8.3.0

  ajv@8.20.0:
    dependencies:
      fast-deep-equal: 3.1.3
      fast-uri: 3.1.7
      json-schema-traverse: 1.0.0
      require-from-string: 2.0.2

  bun-types@1.4.0:
    dependencies:
      '@types/node': 26.4.0

  cross-spawn@7.0.6:
    dependencies:
      path-key: 3.1.1
      shebang-command: 2.0.0
      which: 2.0.2

  eventsource-parser@3.1.1: {}

  eventsource@3.0.7:
    dependencies:
      eventsource-parser: 3.1.1

  fast-deep-equal@3.1.3: {}

  fast-uri@3.1.7: {}

  ignore@7.0.5: {}

  isexe@2.0.0: {}

  jose@6.2.10: {}

  json-schema-traverse@1.0.0: {}

  path-key@3.1.1: {}

  pkce-challenge@5.0.1: {}

  require-from-string@2.0.2: {}

  shebang-command@2.0.0:
    dependencies:
      shebang-regex: 3.0.0

  shebang-regex@3.0.0: {}

  typescript@5.9.3: {}

  undici-types@8.3.0: {}

  which@2.0.2:
    dependencies:
      isexe: 2.0.0

  zod@4.5.4: {}
